
Microsoft Visual Studio Solution File, Format Version 12.00
Project("{FAE04EC0-301F-11D3-BF4B-00C04F79EFBC}") = "MoodNest", "MoodNest\MoodNest.csproj", "{0AC6AD77-927C-46F1-AB87-113E3BA27274}"
EndProject
Global
	GlobalSection(SolutionConfigurationPlatforms) = preSolution
		Debug|Any CPU = Debug|Any CPU
		Release|Any CPU = Release|Any CPU
	EndGlobalSection
	GlobalSection(ProjectConfigurationPlatforms) = postSolution
		{0AC6AD77-927C-46F1-AB87-113E3BA27274}.Debug|Any CPU.ActiveCfg = Debug|Any CPU
		{0AC6AD77-927C-46F1-AB87-113E3BA27274}.Debug|Any CPU.Build.0 = Debug|Any CPU
		{0AC6AD77-927C-46F1-AB87-113E3BA27274}.Release|Any CPU.ActiveCfg = Release|Any CPU
		{0AC6AD77-927C-46F1-AB87-113E3BA27274}.Release|Any CPU.Build.0 = Release|Any CPU
	EndGlobalSection
EndGlobal
